Microsoft Visual Studio Solution File, Format Version 12.00
# Visual Studio Version 17
VisualStudioVersion = 17.5.2.0
MinimumVisualStudioVersion = 10.0.40219.1
Project("{FAE04EC0-301F-11D3-BF4B-00C04F79EFBC}") = "ElasticsearchDemo", "ElasticsearchDemo\ElasticsearchDemo.csproj", "{B11585E0-0000-AB98-74C6-5D83C0E05C26}"
EndProject
Global
	GlobalSection(SolutionConfigurationPlatforms) = preSolution
		Debug|Any CPU = Debug|Any CPU
		Release|Any CPU = Release|Any CPU
	EndGlobalSection
	GlobalSection(ProjectConfigurationPlatforms) = postSolution
		{B11585E0-0000-AB98-74C6-5D83C0E05C26}.Debug|Any CPU.ActiveCfg = Debug|Any CPU
		{B11585E0-0000-AB98-74C6-5D83C0E05C26}.Debug|Any CPU.Build.0 = Debug|Any CPU
		{B11585E0-0000-AB98-74C6-5D83C0E05C26}.Release|Any CPU.ActiveCfg = Release|Any CPU
		{B11585E0-0000-AB98-74C6-5D83C0E05C26}.Release|Any CPU.Build.0 = Release|Any CPU
	EndGlobalSection
	GlobalSection(SolutionProperties) = preSolution
		HideSolutionNode = FALSE
	EndGlobalSection
	GlobalSection(ExtensibilityGlobals) = postSolution
		SolutionGuid = {506F9156-5F0D-460C-856E-0763AEF9DB95}
	EndGlobalSection
EndGlobal
